
Microsoft Visual Studio Solution File, Format Version 12.00
# Visual Studio Version 17
VisualStudioVersion = 17.8.34330.188
MinimumVisualStudioVersion = 10.0.40219.1
Project("{9A19103F-16F7-4668-BE54-9A1E7A4F7556}") = "BulkyWeb", "BulkyWeb\BulkyWeb.csproj", "{8AEC4301-16DF-4CE7-BE70-8C9DD72B5532}"
EndProject
Project("{FAE04EC0-301F-11D3-BF4B-00C04F79EFBC}") = "Bulky.DataAccess", "Bulky.DataAccess\Bulky.DataAccess.csproj", "{072FF81B-3C10-455B-8717-A8EB93CE8241}"
EndProject
Project("{FAE04EC0-301F-11D3-BF4B-00C04F79EFBC}") = "Bulky.Models", "Bulky.Models\Bulky.Models.csproj", "{689CE83D-9B43-4A2C-8536-EFF38F504447}"
EndProject
Project("{FAE04EC0-301F-11D3-BF4B-00C04F79EFBC}") = "Bulky.Utility", "Bulky.Utility\Bulky.Utility.csproj", "{03DEE01D-BF43-4871-9A9F-7B19ADE54327}"
EndProject
Global
	GlobalSection(SolutionConfigurationPlatforms) = preSolution
		Debug|Any CPU = Debug|Any CPU
		Release|Any CPU = Release|Any CPU
	EndGlobalSection
	GlobalSection(ProjectConfigurationPlatforms) = postSolution
		{8AEC4301-16DF-4CE7-BE70-8C9DD72B5532}.Debug|Any CPU.ActiveCfg = Debug|Any CPU
		{8AEC4301-16DF-4CE7-BE70-8C9DD72B5532}.Debug|Any CPU.Build.0 = Debug|Any CPU
		{8AEC4301-16DF-4CE7-BE70-8C9DD72B5532}.Release|Any CPU.ActiveCfg = Release|Any CPU
		{8AEC4301-16DF-4CE7-BE70-8C9DD72B5532}.Release|Any CPU.Build.0 = Release|Any CPU
		{072FF81B-3C10-455B-8717-A8EB93CE8241}.Debug|Any CPU.ActiveCfg = Debug|Any CPU
		{072FF81B-3C10-455B-8717-A8EB93CE8241}.Debug|Any CPU.Build.0 = Debug|Any CPU
		{072FF81B-3C10-455B-8717-A8EB93CE8241}.Release|Any CPU.ActiveCfg = Release|Any CPU
		{072FF81B-3C10-455B-8717-A8EB93CE8241}.Release|Any CPU.Build.0 = Release|Any CPU
		{689CE83D-9B43-4A2C-8536-EFF38F504447}.Debug|Any CPU.ActiveCfg = Debug|Any CPU
		{689CE83D-9B43-4A2C-8536-EFF38F504447}.Debug|Any CPU.Build.0 = Debug|Any CPU
		{689CE83D-9B43-4A2C-8536-EFF38F504447}.Release|Any CPU.ActiveCfg = Release|Any CPU
		{689CE83D-9B43-4A2C-8536-EFF38F504447}.Release|Any CPU.Build.0 = Release|Any CPU
		{03DEE01D-BF43-4871-9A9F-7B19ADE54327}.Debug|Any CPU.ActiveCfg = Debug|Any CPU
		{03DEE01D-BF43-4871-9A9F-7B19ADE54327}.Debug|Any CPU.Build.0 = Debug|Any CPU
		{03DEE01D-BF43-4871-9A9F-7B19ADE54327}.Release|Any CPU.ActiveCfg = Release|Any CPU
		{03DEE01D-BF43-4871-9A9F-7B19ADE54327}.Release|Any CPU.Build.0 = Release|Any CPU
	EndGlobalSection
	GlobalSection(SolutionProperties) = preSolution
		HideSolutionNode = FALSE
	EndGlobalSection
	GlobalSection(ExtensibilityGlobals) = postSolution
		SolutionGuid = {EEE34299-89D7-43AC-BC6C-AD960CB49ED9}
	EndGlobalSection
EndGlobal
